// !$*UTF8*$!
{
	archiveVersion = 1;
	classes = {
	};
	objectVersion = 55;
	objects = {

/* Begin PBXBuildFile section */
		908575322D3E3A7B0067119B /* TareaView.swift in Sources */ = {isa = PBXBuildFile; fileRef = 908575312D3E3A7B0067119B /* TareaView.swift */; };
		908575342D3E3C830067119B /* Checkbox.swift in Sources */ = {isa = PBXBuildFile; fileRef = 908575332D3E3C830067119B /* Checkbox.swift */; };
		908575362D3E43CF0067119B /* TareaTableView.swift in Sources */ = {isa = PBXBuildFile; fileRef = 908575352D3E43CF0067119B /* TareaTableView.swift */; };
		90BEB24A2D3D76B100554479 /* AngelaIOSApp.swift in Sources */ = {isa = PBXBuildFile; fileRef = 90BEB2492D3D76B100554479 /* AngelaIOSApp.swift */; };
		90BEB24C2D3D76B100554479 /* ContentView.swift in Sources */ = {isa = PBXBuildFile; fileRef = 90BEB24B2D3D76B100554479 /* ContentView.swift */; };
		90BEB24E2D3D76B400554479 /* Assets.xcassets in Resources */ = {isa = PBXBuildFile; fileRef = 90BEB24D2D3D76B400554479 /* Assets.xcassets */; };
		90BEB2512D3D76B400554479 /* Preview Assets.xcassets in Resources */ = {isa = PBXBuildFile; fileRef = 90BEB2502D3D76B400554479 /* Preview Assets.xcassets */; };
		90BEB25B2D3D76B400554479 /* AngelaIOSTests.swift in Sources */ = {isa = PBXBuildFile; fileRef = 90BEB25A2D3D76B400554479 /* AngelaIOSTests.swift */; };
		90BEB2652D3D76B400554479 /* AngelaIOSUITests.swift in Sources */ = {isa = PBXBuildFile; fileRef = 90BEB2642D3D76B400554479 /* AngelaIOSUITests.swift */; };
		90BEB2672D3D76B400554479 /* AngelaIOSUITestsLaunchTests.swift in Sources */ = {isa = PBXBuildFile; fileRef = 90BEB2662D3D76B400554479 /* AngelaIOSUITestsLaunchTests.swift */; };
/* End PBXBuildFile section */

/* Begin PBXContainerItemProxy section */
		90BEB2572D3D76B400554479 /* PBXContainerItemProxy */ = {
			isa = PBXContainerItemProxy;
			containerPortal = 90BEB23E2D3D76B100554479 /* Project object */;
			proxyType = 1;
			remoteGlobalIDString = 90BEB2452D3D76B100554479;
			remoteInfo = AngelaIOS;
		};
		90BEB2612D3D76B400554479 /* PBXContainerItemProxy */ = {
			isa = PBXContainerItemProxy;
			containerPortal = 90BEB23E2D3D76B100554479 /* Project object */;
			proxyType = 1;
			remoteGlobalIDString = 90BEB2452D3D76B100554479;
			remoteInfo = AngelaIOS;
		};
/* End PBXContainerItemProxy section */

/* Begin PBXFileReference section */
		908575312D3E3A7B0067119B /* TareaView.swift */ = {isa = PBXFileReference; lastKnownFileType = sourcecode.swift; path = TareaView.swift; sourceTree = "<group>"; };
		908575332D3E3C830067119B /* Checkbox.swift */ = {isa = PBXFileReference; lastKnownFileType = sourcecode.swift; path = Checkbox.swift; sourceTree = "<group>"; };
		908575352D3E43CF0067119B /* TareaTableView.swift */ = {isa = PBXFileReference; lastKnownFileType = sourcecode.swift; path = TareaTableView.swift; sourceTree = "<group>"; };
		90BEB2462D3D76B100554479 /* AngelaIOS.app */ = {isa = PBXFileReference; explicitFileType = wrapper.application; includeInIndex = 0; path = AngelaIOS.app; sourceTree = BUILT_PRODUCTS_DIR; };
		90BEB2492D3D76B100554479 /* AngelaIOSApp.swift */ = {isa = PBXFileReference; lastKnownFileType = sourcecode.swift; path = AngelaIOSApp.swift; sourceTree = "<group>"; };
		90BEB24B2D3D76B100554479 /* ContentView.swift */ = {isa = PBXFileReference; lastKnownFileType = sourcecode.swift; path = ContentView.swift; sourceTree = "<group>"; };
		90BEB24D2D3D76B400554479 /* Assets.xcassets */ = {isa = PBXFileReference; lastKnownFileType = folder.assetcatalog; path = Assets.xcassets; sourceTree = "<group>"; };
		90BEB2502D3D76B400554479 /* Preview Assets.xcassets */ = {isa = PBXFileReference; lastKnownFileType = folder.assetcatalog; path = "Preview Assets.xcassets"; sourceTree = "<group>"; };
		90BEB2562D3D76B400554479 /* AngelaIOSTests.xctest */ = {isa = PBXFileReference; explicitFileType = wrapper.cfbundle; includeInIndex = 0; path = AngelaIOSTests.xctest; sourceTree = BUILT_PRODUCTS_DIR; };
		90BEB25A2D3D76B400554479 /* AngelaIOSTests.swift */ = {isa = PBXFileReference; lastKnownFileType = sourcecode.swift; path = AngelaIOSTests.swift; sourceTree = "<group>"; };
		90BEB2602D3D76B400554479 /* AngelaIOSUITests.xctest */ = {isa = PBXFileReference; explicitFileType = wrapper.cfbundle; includeInIndex = 0; path = AngelaIOSUITests.xctest; sourceTree = BUILT_PRODUCTS_DIR; };
		90BEB2642D3D76B400554479 /* AngelaIOSUITests.swift */ = {isa = PBXFileReference; lastKnownFileType = sourcecode.swift; path = AngelaIOSUITests.swift; sourceTree = "<group>"; };
		90BEB2662D3D76B400554479 /* AngelaIOSUITestsLaunchTests.swift */ = {isa = PBXFileReference; lastKnownFileType = sourcecode.swift; path = AngelaIOSUITestsLaunchTests.swift; sourceTree = "<group>"; };
/* End PBXFileReference section */

/* Begin PBXFrameworksBuildPhase section */
		90BEB2432D3D76B100554479 /* Frameworks */ = {
			isa = PBXFrameworksBuildPhase;
			buildActionMask = 2147483647;
			files = (
			);
			runOnlyForDeploymentPostprocessing = 0;
		};
		90BEB2532D3D76B400554479 /* Frameworks */ = {
			isa = PBXFrameworksBuildPhase;
			buildActionMask = 2147483647;
			files = (
			);
			runOnlyForDeploymentPostprocessing = 0;
		};
		90BEB25D2D3D76B400554479 /* Frameworks */ = {
			isa = PBXFrameworksBuildPhase;
			buildActionMask = 2147483647;
			files = (
			);
			runOnlyForDeploymentPostprocessing = 0;
		};
/* End PBXFrameworksBuildPhase section */

/* Begin PBXGroup section */
		90BEB23D2D3D76B100554479 = {
			isa = PBXGroup;
			children = (
				90BEB2482D3D76B100554479 /* AngelaIOS */,
				90BEB2592D3D76B400554479 /* AngelaIOSTests */,
				90BEB2632D3D76B400554479 /* AngelaIOSUITests */,
				90BEB2472D3D76B100554479 /* Products */,
			);
			sourceTree = "<group>";
		};
		90BEB2472D3D76B100554479 /* Products */ = {
			isa = PBXGroup;
			children = (
				90BEB2462D3D76B100554479 /* AngelaIOS.app */,
				90BEB2562D3D76B400554479 /* AngelaIOSTests.xctest */,
				90BEB2602D3D76B400554479 /* AngelaIOSUITests.xctest */,
			);
			name = Products;
			sourceTree = "<group>";
		};
		90BEB2482D3D76B100554479 /* AngelaIOS */ = {
			isa = PBXGroup;
			children = (
				90BEB2492D3D76B100554479 /* AngelaIOSApp.swift */,
				90BEB24B2D3D76B100554479 /* ContentView.swift */,
				90BEB24D2D3D76B400554479 /* Assets.xcassets */,
				90BEB24F2D3D76B400554479 /* Preview Content */,
				908575312D3E3A7B0067119B /* TareaView.swift */,
				908575332D3E3C830067119B /* Checkbox.swift */,
				908575352D3E43CF0067119B /* TareaTableView.swift */,
			);
			path = AngelaIOS;
			sourceTree = "<group>";
		};
		90BEB24F2D3D76B400554479 /* Preview Content */ = {
			isa = PBXGroup;
			children = (
				90BEB2502D3D76B400554479 /* Preview Assets.xcassets */,
			);
			path = "Preview Content";
			sourceTree = "<group>";
		};
		90BEB2592D3D76B400554479 /* AngelaIOSTests */ = {
			isa = PBXGroup;
			children = (
				90BEB25A2D3D76B400554479 /* AngelaIOSTests.swift */,
			);
			path = AngelaIOSTests;
			sourceTree = "<group>";
		};
		90BEB2632D3D76B400554479 /* AngelaIOSUITests */ = {
			isa = PBXGroup;
			children = (
				90BEB2642D3D76B400554479 /* AngelaIOSUITests.swift */,
				90BEB2662D3D76B400554479 /* AngelaIOSUITestsLaunchTests.swift */,
			);
			path = AngelaIOSUITests;
			sourceTree = "<group>";
		};
/* End PBXGroup section */

/* Begin PBXNativeTarget section */
		90BEB2452D3D76B100554479 /* AngelaIOS */ = {
			isa = PBXNativeTarget;
			buildConfigurationList = 90BEB26A2D3D76B500554479 /* Build configuration list for PBXNativeTarget "AngelaIOS" */;
			buildPhases = (
				90BEB2422D3D76B100554479 /* Sources */,
				90BEB2432D3D76B100554479 /* Frameworks */,
				90BEB2442D3D76B100554479 /* Resources */,
			);
			buildRules = (
			);
			dependencies = (
			);
			name = AngelaIOS;
			productName = AngelaIOS;
			productReference = 90BEB2462D3D76B100554479 /* AngelaIOS.app */;
			productType = "com.apple.product-type.application";
		};
		90BEB2552D3D76B400554479 /* AngelaIOSTests */ = {
			isa = PBXNativeTarget;
			buildConfigurationList = 90BEB26D2D3D76B500554479 /* Build configuration list for PBXNativeTarget "AngelaIOSTests" */;
			buildPhases = (
				90BEB2522D3D76B400554479 /* Sources */,
				90BEB2532D3D76B400554479 /* Frameworks */,
				90BEB2542D3D76B400554479 /* Resources */,
			);
			buildRules = (
			);
			dependencies = (
				90BEB2582D3D76B400554479 /* PBXTargetDependency */,
			);
			name = AngelaIOSTests;
			productName = AngelaIOSTests;
			productReference = 90BEB2562D3D76B400554479 /* AngelaIOSTests.xctest */;
			productType = "com.apple.product-type.bundle.unit-test";
		};
		90BEB25F2D3D76B400554479 /* AngelaIOSUITests */ = {
			isa = PBXNativeTarget;
			buildConfigurationList = 90BEB2702D3D76B500554479 /* Build configuration list for PBXNativeTarget "AngelaIOSUITests" */;
			buildPhases = (
				90BEB25C2D3D76B400554479 /* Sources */,
				90BEB25D2D3D76B400554479 /* Frameworks */,
				90BEB25E2D3D76B400554479 /* Resources */,
			);
			buildRules = (
			);
			dependencies = (
				90BEB2622D3D76B400554479 /* PBXTargetDependency */,
			);
			name = AngelaIOSUITests;
			productName = AngelaIOSUITests;
			productReference = 90BEB2602D3D76B400554479 /* AngelaIOSUITests.xctest */;
			productType = "com.apple.product-type.bundle.ui-testing";
		};
/* End PBXNativeTarget section */

/* Begin PBXProject section */
		90BEB23E2D3D76B100554479 /* Project object */ = {
			isa = PBXProject;
			attributes = {
				BuildIndependentTargetsInParallel = 1;
				LastSwiftUpdateCheck = 1300;
				LastUpgradeCheck = 1300;
				TargetAttributes = {
					90BEB2452D3D76B100554479 = {
						CreatedOnToolsVersion = 13.0;
					};
					90BEB2552D3D76B400554479 = {
						CreatedOnToolsVersion = 13.0;
						TestTargetID = 90BEB2452D3D76B100554479;
					};
					90BEB25F2D3D76B400554479 = {
						CreatedOnToolsVersion = 13.0;
						TestTargetID = 90BEB2452D3D76B100554479;
					};
				};
			};
			buildConfigurationList = 90BEB2412D3D76B100554479 /* Build configuration list for PBXProject "AngelaIOS" */;
			compatibilityVersion = "Xcode 13.0";
			developmentRegion = en;
			hasScannedForEncodings = 0;
			knownRegions = (
				en,
				Base,
			);
			mainGroup = 90BEB23D2D3D76B100554479;
			productRefGroup = 90BEB2472D3D76B100554479 /* Products */;
			projectDirPath = "";
			projectRoot = "";
			targets = (
				90BEB2452D3D76B100554479 /* AngelaIOS */,
				90BEB2552D3D76B400554479 /* AngelaIOSTests */,
				90BEB25F2D3D76B400554479 /* AngelaIOSUITests */,
			);
		};
/* End PBXProject section */

/* Begin PBXResourcesBuildPhase section */
		90BEB2442D3D76B100554479 /* Resources */ = {
			isa = PBXResourcesBuildPhase;
			buildActionMask = 2147483647;
			files = (
				90BEB2512D3D76B400554479 /* Preview Assets.xcassets in Resources */,
				90BEB24E2D3D76B400554479 /* Assets.xcassets in Resources */,
			);
			runOnlyForDeploymentPostprocessing = 0;
		};
		90BEB2542D3D76B400554479 /* Resources */ = {
			isa = PBXResourcesBuildPhase;
			buildActionMask = 2147483647;
			files = (
			);
			runOnlyForDeploymentPostprocessing = 0;
		};
		90BEB25E2D3D76B400554479 /* Resources */ = {
			isa = PBXResourcesBuildPhase;
			buildActionMask = 2147483647;
			files = (
			);
			runOnlyForDeploymentPostprocessing = 0;
		};
/* End PBXResourcesBuildPhase section */

/* Begin PBXSourcesBuildPhase section */
		90BEB2422D3D76B100554479 /* Sources */ = {
			isa = PBXSourcesBuildPhase;
			buildActionMask = 2147483647;
			files = (
				908575362D3E43CF0067119B /* TareaTableView.swift in Sources */,
				908575342D3E3C830067119B /* Checkbox.swift in Sources */,
				90BEB24C2D3D76B100554479 /* ContentView.swift in Sources */,
				90BEB24A2D3D76B100554479 /* AngelaIOSApp.swift in Sources */,
				908575322D3E3A7B0067119B /* TareaView.swift in Sources */,
			);
			runOnlyForDeploymentPostprocessing = 0;
		};
		90BEB2522D3D76B400554479 /* Sources */ = {
			isa = PBXSourcesBuildPhase;
			buildActionMask = 2147483647;
			files = (
				90BEB25B2D3D76B400554479 /* AngelaIOSTests.swift in Sources */,
			);
			runOnlyForDeploymentPostprocessing = 0;
		};
		90BEB25C2D3D76B400554479 /* Sources */ = {
			isa = PBXSourcesBuildPhase;
			buildActionMask = 2147483647;
			files = (
				90BEB2672D3D76B400554479 /* AngelaIOSUITestsLaunchTests.swift in Sources */,
				90BEB2652D3D76B400554479 /* AngelaIOSUITests.swift in Sources */,
			);
			runOnlyForDeploymentPostprocessing = 0;
		};
/* End PBXSourcesBuildPhase section */

/* Begin PBXTargetDependency section */
		90BEB2582D3D76B400554479 /* PBXTargetDependency */ = {
			isa = PBXTargetDependency;
			target = 90BEB2452D3D76B100554479 /* AngelaIOS */;
			targetProxy = 90BEB2572D3D76B400554479 /* PBXContainerItemProxy */;
		};
		90BEB2622D3D76B400554479 /* PBXTargetDependency */ = {
			isa = PBXTargetDependency;
			target = 90BEB2452D3D76B100554479 /* AngelaIOS */;
			targetProxy = 90BEB2612D3D76B400554479 /* PBXContainerItemProxy */;
		};
/* End PBXTargetDependency section */

/* Begin XCBuildConfiguration section */
		90BEB2682D3D76B400554479 /* Debug */ = {
			isa = XCBuildConfiguration;
			buildSettings = {
				ALWAYS_SEARCH_USER_PATHS = NO;
				CLANG_ANALYZER_NONNULL = YES;
				CLANG_ANALYZER_NUMBER_OBJECT_CONVERSION = YES_AGGRESSIVE;
				CLANG_CXX_LANGUAGE_STANDARD = "gnu++17";
				CLANG_CXX_LIBRARY = "libc++";
				CLANG_ENABLE_MODULES = YES;
				CLANG_ENABLE_OBJC_ARC = YES;
				CLANG_ENABLE_OBJC_WEAK = YES;
				CLANG_WARN_BLOCK_CAPTURE_AUTORELEASING = YES;
				CLANG_WARN_BOOL_CONVERSION = YES;
				CLANG_WARN_COMMA = YES;
				CLANG_WARN_CONSTANT_CONVERSION = YES;
				CLANG_WARN_DEPRECATED_OBJC_IMPLEMENTATIONS = YES;
				CLANG_WARN_DIRECT_OBJC_ISA_USAGE = YES_ERROR;
				CLANG_WARN_DOCUMENTATION_COMMENTS = YES;
				CLANG_WARN_EMPTY_BODY = YES;
				CLANG_WARN_ENUM_CONVERSION = YES;
				CLANG_WARN_INFINITE_RECURSION = YES;
				CLANG_WARN_INT_CONVERSION = YES;
				CLANG_WARN_NON_LITERAL_NULL_CONVERSION = YES;
				CLANG_WARN_OBJC_IMPLICIT_RETAIN_SELF = YES;
				CLANG_WARN_OBJC_LITERAL_CONVERSION = YES;
				CLANG_WARN_OBJC_ROOT_CLASS = YES_ERROR;
				CLANG_WARN_QUOTED_INCLUDE_IN_FRAMEWORK_HEADER = YES;
				CLANG_WARN_RANGE_LOOP_ANALYSIS = YES;
				CLANG_WARN_STRICT_PROTOTYPES = YES;
				CLANG_WARN_SUSPICIOUS_MOVE = YES;
				CLANG_WARN_UNGUARDED_AVAILABILITY = YES_AGGRESSIVE;
				CLANG_WARN_UNREACHABLE_CODE = YES;
				CLANG_WARN__DUPLICATE_METHOD_MATCH = YES;
				COPY_PHASE_STRIP = NO;
				DEBUG_INFORMATION_FORMAT = dwarf;
				ENABLE_STRICT_OBJC_MSGSEND = YES;
				ENABLE_TESTABILITY = YES;
				GCC_C_LANGUAGE_STANDARD = gnu11;
				GCC_DYNAMIC_NO_PIC = NO;
				GCC_NO_COMMON_BLOCKS = YES;
				GCC_OPTIMIZATION_LEVEL = 0;
				GCC_PREPROCESSOR_DEFINITIONS = (
					"DEBUG=1",
					"$(inherited)",
				);
				GCC_WARN_64_TO_32_BIT_CONVERSION = YES;
				GCC_WARN_ABOUT_RETURN_TYPE = YES_ERROR;
				GCC_WARN_UNDECLARED_SELECTOR = YES;
				GCC_WARN_UNINITIALIZED_AUTOS = YES_AGGRESSIVE;
				GCC_WARN_UNUSED_FUNCTION = YES;
				GCC_WARN_UNUSED_VARIABLE = YES;
				IPHONEOS_DEPLOYMENT_TARGET = 15.0;
				MTL_ENABLE_DEBUG_INFO = INCLUDE_SOURCE;
				MTL_FAST_MATH = YES;
				ONLY_ACTIVE_ARCH = YES;
				SDKROOT = iphoneos;
				SWIFT_ACTIVE_COMPILATION_CONDITIONS = DEBUG;
				SWIFT_OPTIMIZATION_LEVEL = "-Onone";
			};
			name = Debug;
		};
		90BEB2692D3D76B400554479 /* Release */ = {
			isa = XCBuildConfiguration;
			buildSettings = {
				ALWAYS_SEARCH_USER_PATHS = NO;
				CLANG_ANALYZER_NONNULL = YES;
				CLANG_ANALYZER_NUMBER_OBJECT_CONVERSION = YES_AGGRESSIVE;
				CLANG_CXX_LANGUAGE_STANDARD = "gnu++17";
				CLANG_CXX_LIBRARY = "libc++";
				CLANG_ENABLE_MODULES = YES;
				CLANG_ENABLE_OBJC_ARC = YES;
				CLANG_ENABLE_OBJC_WEAK = YES;
				CLANG_WARN_BLOCK_CAPTURE_AUTORELEASING = YES;
				CLANG_WARN_BOOL_CONVERSION = YES;
				CLANG_WARN_COMMA = YES;
				CLANG_WARN_CONSTANT_CONVERSION = YES;
				CLANG_WARN_DEPRECATED_OBJC_IMPLEMENTATIONS = YES;
				CLANG_WARN_DIRECT_OBJC_ISA_USAGE = YES_ERROR;
				CLANG_WARN_DOCUMENTATION_COMMENTS = YES;
				CLANG_WARN_EMPTY_BODY = YES;
				CLANG_WARN_ENUM_CONVERSION = YES;
				CLANG_WARN_INFINITE_RECURSION = YES;
				CLANG_WARN_INT_CONVERSION = YES;
				CLANG_WARN_NON_LITERAL_NULL_CONVERSION = YES;
				CLANG_WARN_OBJC_IMPLICIT_RETAIN_SELF = YES;
				CLANG_WARN_OBJC_LITERAL_CONVERSION = YES;
				CLANG_WARN_OBJC_ROOT_CLASS = YES_ERROR;
				CLANG_WARN_QUOTED_INCLUDE_IN_FRAMEWORK_HEADER = YES;
				CLANG_WARN_RANGE_LOOP_ANALYSIS = YES;
				CLANG_WARN_STRICT_PROTOTYPES = YES;
				CLANG_WARN_SUSPICIOUS_MOVE = YES;
				CLANG_WARN_UNGUARDED_AVAILABILITY = YES_AGGRESSIVE;
				CLANG_WARN_UNREACHABLE_CODE = YES;
				CLANG_WARN__DUPLICATE_METHOD_MATCH = YES;
				COPY_PHASE_STRIP = NO;
				DEBUG_INFORMATION_FORMAT = "dwarf-with-dsym";
				ENABLE_NS_ASSERTIONS = NO;
				ENABLE_STRICT_OBJC_MSGSEND = YES;
				GCC_C_LANGUAGE_STANDARD = gnu11;
				GCC_NO_COMMON_BLOCKS = YES;
				GCC_WARN_64_TO_32_BIT_CONVERSION = YES;
				GCC_WARN_ABOUT_RETURN_TYPE = YES_ERROR;
				GCC_WARN_UNDECLARED_SELECTOR = YES;
				GCC_WARN_UNINITIALIZED_AUTOS = YES_AGGRESSIVE;
				GCC_WARN_UNUSED_FUNCTION = YES;
				GCC_WARN_UNUSED_VARIABLE = YES;
				IPHONEOS_DEPLOYMENT_TARGET = 15.0;
				MTL_ENABLE_DEBUG_INFO = NO;
				MTL_FAST_MATH = YES;
				SDKROOT = iphoneos;
				SWIFT_COMPILATION_MODE = wholemodule;
				SWIFT_OPTIMIZATION_LEVEL = "-O";
				VALIDATE_PRODUCT = YES;
			};
			name = Release;
		};
		90BEB26B2D3D76B500554479 /* Debug */ = {
			isa = XCBuildConfiguration;
			buildSettings = {
				ASSETCATALOG_COMPILER_APPICON_NAME = AppIcon;
				ASSETCATALOG_COMPILER_GLOBAL_ACCENT_COLOR_NAME = AccentColor;
				CODE_SIGN_STYLE = Automatic;
				CURRENT_PROJECT_VERSION = 1;
				DEVELOPMENT_ASSET_PATHS = "\"AngelaIOS/Preview Content\"";
				ENABLE_PREVIEWS = YES;
				GENERATE_INFOPLIST_FILE = YES;
				INFOPLIST_KEY_UIApplicationSceneManifest_Generation = YES;
				INFOPLIST_KEY_UIApplicationSupportsIndirectInputEvents = YES;
				INFOPLIST_KEY_UILaunchScreen_Generation = YES;
				INFOPLIST_KEY_UISupportedInterfaceOrientations_iPad = "UIInterfaceOrientationPortrait UIInterfaceOrientationPortraitUpsideDown UIInterfaceOrientationLandscapeLeft UIInterfaceOrientationLandscapeRight";
				INFOPLIST_KEY_UISupportedInterfaceOrientations_iPhone = "UIInterfaceOrientationPortrait UIInterfaceOrientationLandscapeLeft UIInterfaceOrientationLandscapeRight";
				IPHONEOS_DEPLOYMENT_TARGET = 14.0;
				LD_RUNPATH_SEARCH_PATHS = (
					"$(inherited)",
					"@executable_path/Frameworks",
				);
				MARKETING_VERSION = 1.0;
				PRODUCT_BUNDLE_IDENTIFIER = Moviles.AngelaIOS;
				PRODUCT_NAME = "$(TARGET_NAME)";
				SWIFT_EMIT_LOC_STRINGS = YES;
				SWIFT_VERSION = 5.0;
				TARGETED_DEVICE_FAMILY = "1,2";
			};
			name = Debug;
		};
		90BEB26C2D3D76B500554479 /* Release */ = {
			isa = XCBuildConfiguration;
			buildSettings = {
				ASSETCATALOG_COMPILER_APPICON_NAME = AppIcon;
				ASSETCATALOG_COMPILER_GLOBAL_ACCENT_COLOR_NAME = AccentColor;
				CODE_SIGN_STYLE = Automatic;
				CURRENT_PROJECT_VERSION = 1;
				DEVELOPMENT_ASSET_PATHS = "\"AngelaIOS/Preview Content\"";
				ENABLE_PREVIEWS = YES;
				GENERATE_INFOPLIST_FILE = YES;
				INFOPLIST_KEY_UIApplicationSceneManifest_Generation = YES;
				INFOPLIST_KEY_UIApplicationSupportsIndirectInputEvents = YES;
				INFOPLIST_KEY_UILaunchScreen_Generation = YES;
				INFOPLIST_KEY_UISupportedInterfaceOrientations_iPad = "UIInterfaceOrientationPortrait UIInterfaceOrientationPortraitUpsideDown UIInterfaceOrientationLandscapeLeft UIInterfaceOrientationLandscapeRight";
				INFOPLIST_KEY_UISupportedInterfaceOrientations_iPhone = "UIInterfaceOrientationPortrait UIInterfaceOrientationLandscapeLeft UIInterfaceOrientationLandscapeRight";
				IPHONEOS_DEPLOYMENT_TARGET = 14.0;
				LD_RUNPATH_SEARCH_PATHS = (
					"$(inherited)",
					"@executable_path/Frameworks",
				);
				MARKETING_VERSION = 1.0;
				PRODUCT_BUNDLE_IDENTIFIER = Moviles.AngelaIOS;
				PRODUCT_NAME = "$(TARGET_NAME)";
				SWIFT_EMIT_LOC_STRINGS = YES;
				SWIFT_VERSION = 5.0;
				TARGETED_DEVICE_FAMILY = "1,2";
			};
			name = Release;
		};
		90BEB26E2D3D76B500554479 /* Debug */ = {
			isa = XCBuildConfiguration;
			buildSettings = {
				ALWAYS_EMBED_SWIFT_STANDARD_LIBRARIES = YES;
				BUNDLE_LOADER = "$(TEST_HOST)";
				CODE_SIGN_STYLE = Automatic;
				CURRENT_PROJECT_VERSION = 1;
				GENERATE_INFOPLIST_FILE = YES;
				IPHONEOS_DEPLOYMENT_TARGET = 14.0;
				LD_RUNPATH_SEARCH_PATHS = (
					"$(inherited)",
					"@executable_path/Frameworks",
					"@loader_path/Frameworks",
				);
				MARKETING_VERSION = 1.0;
				PRODUCT_BUNDLE_IDENTIFIER = Moviles.AngelaIOSTests;
				PRODUCT_NAME = "$(TARGET_NAME)";
				SWIFT_EMIT_LOC_STRINGS = NO;
				SWIFT_VERSION = 5.0;
				TARGETED_DEVICE_FAMILY = "1,2";
				TEST_HOST = "$(BUILT_PRODUCTS_DIR)/AngelaIOS.app/AngelaIOS";
			};
			name = Debug;
		};
		90BEB26F2D3D76B500554479 /* Release */ = {
			isa = XCBuildConfiguration;
			buildSettings = {
				ALWAYS_EMBED_SWIFT_STANDARD_LIBRARIES = YES;
				BUNDLE_LOADER = "$(TEST_HOST)";
				CODE_SIGN_STYLE = Automatic;
				CURRENT_PROJECT_VERSION = 1;
				GENERATE_INFOPLIST_FILE = YES;
				IPHONEOS_DEPLOYMENT_TARGET = 14.0;
				LD_RUNPATH_SEARCH_PATHS = (
					"$(inherited)",
					"@executable_path/Frameworks",
					"@loader_path/Frameworks",
				);
				MARKETING_VERSION = 1.0;
				PRODUCT_BUNDLE_IDENTIFIER = Moviles.AngelaIOSTests;
				PRODUCT_NAME = "$(TARGET_NAME)";
				SWIFT_EMIT_LOC_STRINGS = NO;
				SWIFT_VERSION = 5.0;
				TARGETED_DEVICE_FAMILY = "1,2";
				TEST_HOST = "$(BUILT_PRODUCTS_DIR)/AngelaIOS.app/AngelaIOS";
			};
			name = Release;
		};
		90BEB2712D3D76B500554479 /* Debug */ = {
			isa = XCBuildConfiguration;
			buildSettings = {
				ALWAYS_EMBED_SWIFT_STANDARD_LIBRARIES = YES;
				CODE_SIGN_STYLE = Automatic;
				CURRENT_PROJECT_VERSION = 1;
				GENERATE_INFOPLIST_FILE = YES;
				LD_RUNPATH_SEARCH_PATHS = (
					"$(inherited)",
					"@executable_path/Frameworks",
					"@loader_path/Frameworks",
				);
				MARKETING_VERSION = 1.0;
				PRODUCT_BUNDLE_IDENTIFIER = Moviles.AngelaIOSUITests;
				PRODUCT_NAME = "$(TARGET_NAME)";
				SWIFT_EMIT_LOC_STRINGS = NO;
				SWIFT_VERSION = 5.0;
				TARGETED_DEVICE_FAMILY = "1,2";
				TEST_TARGET_NAME = AngelaIOS;
			};
			name = Debug;
		};
		90BEB2722D3D76B500554479 /* Release */ = {
			isa = XCBuildConfiguration;
			buildSettings = {
				ALWAYS_EMBED_SWIFT_STANDARD_LIBRARIES = YES;
				CODE_SIGN_STYLE = Automatic;
				CURRENT_PROJECT_VERSION = 1;
				GENERATE_INFOPLIST_FILE = YES;
				LD_RUNPATH_SEARCH_PATHS = (
					"$(inherited)",
					"@executable_path/Frameworks",
					"@loader_path/Frameworks",
				);
				MARKETING_VERSION = 1.0;
				PRODUCT_BUNDLE_IDENTIFIER = Moviles.AngelaIOSUITests;
				PRODUCT_NAME = "$(TARGET_NAME)";
				SWIFT_EMIT_LOC_STRINGS = NO;
				SWIFT_VERSION = 5.0;
				TARGETED_DEVICE_FAMILY = "1,2";
				TEST_TARGET_NAME = AngelaIOS;
			};
			name = Release;
		};
/* End XCBuildConfiguration section */

/* Begin XCConfigurationList section */
		90BEB2412D3D76B100554479 /* Build configuration list for PBXProject "AngelaIOS" */ = {
			isa = XCConfigurationList;
			buildConfigurations = (
				90BEB2682D3D76B400554479 /* Debug */,
				90BEB2692D3D76B400554479 /* Release */,
			);
			defaultConfigurationIsVisible = 0;
			defaultConfigurationName = Release;
		};
		90BEB26A2D3D76B500554479 /* Build configuration list for PBXNativeTarget "AngelaIOS" */ = {
			isa = XCConfigurationList;
			buildConfigurations = (
				90BEB26B2D3D76B500554479 /* Debug */,
				90BEB26C2D3D76B500554479 /* Release */,
			);
			defaultConfigurationIsVisible = 0;
			defaultConfigurationName = Release;
		};
		90BEB26D2D3D76B500554479 /* Build configuration list for PBXNativeTarget "AngelaIOSTests" */ = {
			isa = XCConfigurationList;
			buildConfigurations = (
				90BEB26E2D3D76B500554479 /* Debug */,
				90BEB26F2D3D76B500554479 /* Release */,
			);
			defaultConfigurationIsVisible = 0;
			defaultConfigurationName = Release;
		};
		90BEB2702D3D76B500554479 /* Build configuration list for PBXNativeTarget "AngelaIOSUITests" */ = {
			isa = XCConfigurationList;
			buildConfigurations = (
				90BEB2712D3D76B500554479 /* Debug */,
				90BEB2722D3D76B500554479 /* Release */,
			);
			defaultConfigurationIsVisible = 0;
			defaultConfigurationName = Release;
		};
/* End XCConfigurationList section */
	};
	rootObject = 90BEB23E2D3D76B100554479 /* Project object */;
}
